
Microsoft Visual Studio Solution File, Format Version 11.00
# Visual Studio 2010
Project("{FAE04EC0-301F-11D3-BF4B-00C04F79EFBC}") = "CodeScrollView", "CodeScrollView\CodeScrollView.csproj", "{09E7CBA9-C9BE-4135-A488-E7C5C87E8459}"
EndProject
Global
	GlobalSection(SolutionConfigurationPlatforms) = preSolution
		Debug|iPhoneSimulator = Debug|iPhoneSimulator
		Release|iPhoneSimulator = Release|iPhoneSimulator
		Debug|iPhone = Debug|iPhone
		Release|iPhone = Release|iPhone
		Ad-Hoc|iPhone = Ad-Hoc|iPhone
		AppStore|iPhone = AppStore|iPhone
	EndGlobalSection
	GlobalSection(ProjectConfigurationPlatforms) = postSolution
		{09E7CBA9-C9BE-4135-A488-E7C5C87E8459}.Ad-Hoc|iPhone.ActiveCfg = Ad-Hoc|iPhone
		{09E7CBA9-C9BE-4135-A488-E7C5C87E8459}.Ad-Hoc|iPhone.Build.0 = Ad-Hoc|iPhone
		{09E7CBA9-C9BE-4135-A488-E7C5C87E8459}.AppStore|iPhone.ActiveCfg = AppStore|iPhone
		{09E7CBA9-C9BE-4135-A488-E7C5C87E8459}.AppStore|iPhone.Build.0 = AppStore|iPhone
		{09E7CBA9-C9BE-4135-A488-E7C5C87E8459}.Debug|iPhone.ActiveCfg = Debug|iPhone
		{09E7CBA9-C9BE-4135-A488-E7C5C87E8459}.Debug|iPhone.Build.0 = Debug|iPhone
		{09E7CBA9-C9BE-4135-A488-E7C5C87E8459}.Debug|iPhoneSimulator.ActiveCfg = Debug|iPhoneSimulator
		{09E7CBA9-C9BE-4135-A488-E7C5C87E8459}.Debug|iPhoneSimulator.Build.0 = Debug|iPhoneSimulator
		{09E7CBA9-C9BE-4135-A488-E7C5C87E8459}.Release|iPhone.ActiveCfg = Release|iPhone
		{09E7CBA9-C9BE-4135-A488-E7C5C87E8459}.Release|iPhone.Build.0 = Release|iPhone
		{09E7CBA9-C9BE-4135-A488-E7C5C87E8459}.Release|iPhoneSimulator.ActiveCfg = Release|iPhoneSimulator
		{09E7CBA9-C9BE-4135-A488-E7C5C87E8459}.Release|iPhoneSimulator.Build.0 = Release|iPhoneSimulator
	EndGlobalSection
	GlobalSection(MonoDevelopProperties) = preSolution
		StartupItem = CodeScrollView\CodeScrollView.csproj
	EndGlobalSection
EndGlobal
